{
  "name": "@alumis/observables-i18n",
  "version": "1.0.6",
  "lockfileVersion": 1,
  "requires": true,
  "dependencies": {
    "@alumis/observables": {
      "version": "1.0.47",
      "resolved": "https://registry.npmjs.org/@alumis/observables/-/observables-1.0.47.tgz",
      "integrity": "sha512-eQD2JvxNv6LcgTVeTfhMBjPCD30tA3GNeQr0nmXVQj8jaN6DpLz0wI1BFCKEyg4X74DbxgVdtIojeUOcUlze2w==",
      "dev": true
    },
    "typescript": {
      "version": "3.4.5",
      "resolved": "https://registry.npmjs.org/typescript/-/typescript-3.4.5.tgz",
      "integrity": "sha512-YycBxUb49UUhdNMU5aJ7z5Ej2XGmaIBL0x34vZ82fn3hGvD+bgrMrVDpatgz2f7YxUMJxMkbWxJZeAvDxVe7Vw==",
      "dev": true
    }
  }
}
