{
  "name": "@alumis/observables-i18n",
  "version": "1.0.17",
  "lockfileVersion": 1,
  "requires": true,
  "dependencies": {
    "@alumis/observables": {
      "version": "2.0.10",
      "resolved": "https://registry.npmjs.org/@alumis/observables/-/observables-2.0.10.tgz",
      "integrity": "sha512-VapHXxd6XDCMz6RMK9jyjc1y/RRfUVFJ7yKFN6saVJDn6DwxuVIZQq7L1UjkDSRQSZvttkZ8p6Zh6kUA57bT2A==",
      "dev": true
    }
  }
}
